
Microsoft Visual Studio Solution File, Format Version 12.00
# Visual Studio Version 17
VisualStudioVersion = 17.0.31903.59
MinimumVisualStudioVersion = 10.0.40219.1
Project("{FAE04EC0-301F-11D3-BF4B-00C04F79EFBC}") = "CrestronHomeNUnit.CompatibilityLibrary", "CrestronHomeNUnit.CompatibilityLibrary\CrestronHomeNUnit.CompatibilityLibrary.csproj", "{AED7EEC4-753B-4333-B330-B12EAA951277}"
EndProject
Project("{FAE04EC0-301F-11D3-BF4B-00C04F79EFBC}") = "CrestronHomeNUnit.DesktopValidation", "CrestronHomeNUnit.DesktopValidation\CrestronHomeNUnit.DesktopValidation.csproj", "{FA680BC1-81FA-4AA6-B26C-30EF124131FE}"
EndProject
Project("{FAE04EC0-301F-11D3-BF4B-00C04F79EFBC}") = "CrestronHomeNUnit.Runtime", "CrestronHomeNUnit.Runtime\CrestronHomeNUnit.Runtime.csproj", "{B993A77D-496F-4E1D-A341-C9ED96195BF2}"
EndProject
Project("{FAE04EC0-301F-11D3-BF4B-00C04F79EFBC}") = "CrestronHomeNUnit.Tests", "CrestronHomeNUnit.Tests\CrestronHomeNUnit.Tests.csproj", "{0B2692C8-2F0E-4145-B8AC-09512AB1965E}"
EndProject
Project("{FAE04EC0-301F-11D3-BF4B-00C04F79EFBC}") = "CrestronHomeNUnit.SelfTests", "CrestronHomeNUnit.SelfTests\CrestronHomeNUnit.SelfTests.csproj", "{CF414792-07F6-4B0D-A61F-EAD5DBC0342F}"
EndProject
Project("{FAE04EC0-301F-11D3-BF4B-00C04F79EFBC}") = "CrestronHomeNUnit.Driver", "CrestronHomeNUnit.Driver\CrestronHomeNUnit.Driver.csproj", "{D022B35B-75EB-4EB5-9BBE-B519138E9452}"
EndProject
Project("{FAE04EC0-301F-11D3-BF4B-00C04F79EFBC}") = "CrestronHomeNUnit.Transport", "CrestronHomeNUnit.Transport\CrestronHomeNUnit.Transport.csproj", "{0171264D-4A5C-4FC7-B84E-C871F8511A94}"
EndProject
Project("{FAE04EC0-301F-11D3-BF4B-00C04F79EFBC}") = "CrestronHomeNUnit.Runner", "CrestronHomeNUnit.Runner\CrestronHomeNUnit.Runner.csproj", "{51FF336A-0C5F-4B09-B1C4-C8C67FD69CF9}"
EndProject
Project("{FAE04EC0-301F-11D3-BF4B-00C04F79EFBC}") = "CrestronHomeNUnit.TransportValidation", "CrestronHomeNUnit.TransportValidation\CrestronHomeNUnit.TransportValidation.csproj", "{ABFEBA11-466F-4A6E-9A24-D9905E9819D5}"
EndProject
Project("{FAE04EC0-301F-11D3-BF4B-00C04F79EFBC}") = "CrestronHomeNUnit.Client", "CrestronHomeNUnit.Client\CrestronHomeNUnit.Client.csproj", "{378BB20A-A1D7-473B-A2CC-E2DE8E210F89}"
EndProject
Project("{FAE04EC0-301F-11D3-BF4B-00C04F79EFBC}") = "CrestronHomeNUnit.Cli", "CrestronHomeNUnit.Cli\CrestronHomeNUnit.Cli.csproj", "{F669C9B7-50BE-40C6-99C8-E31B0B4F3277}"
EndProject
Project("{FAE04EC0-301F-11D3-BF4B-00C04F79EFBC}") = "CrestronHomeNUnit.Client.Tests", "CrestronHomeNUnit.Client.Tests\CrestronHomeNUnit.Client.Tests.csproj", "{585755BD-037D-49C7-9EA3-3158BF547D41}"
EndProject
Project("{FAE04EC0-301F-11D3-BF4B-00C04F79EFBC}") = "CrestronHomeNUnit.Workflow", "CrestronHomeNUnit.Workflow\CrestronHomeNUnit.Workflow.csproj", "{DA67801C-36D8-4062-BA6B-68C6383E24DD}"
EndProject
Project("{FAE04EC0-301F-11D3-BF4B-00C04F79EFBC}") = "CrestronHomeNUnit.Workflow.Tests", "CrestronHomeNUnit.Workflow.Tests\CrestronHomeNUnit.Workflow.Tests.csproj", "{BC33CB49-C6CD-4040-8DAF-25D8295CA8D5}"
EndProject
Project("{FAE04EC0-301F-11D3-BF4B-00C04F79EFBC}") = "CrestronHomeNUnit.TestAdapter", "CrestronHomeNUnit.TestAdapter\CrestronHomeNUnit.TestAdapter.csproj", "{AE523839-FE8B-4B3A-9CDE-E6506E8D7ACB}"
EndProject
Project("{FAE04EC0-301F-11D3-BF4B-00C04F79EFBC}") = "CrestronHomeNUnit.TestAdapter.Tests", "CrestronHomeNUnit.TestAdapter.Tests\CrestronHomeNUnit.TestAdapter.Tests.csproj", "{02E6DA5B-FDBA-4A4A-AB27-190976565D78}"
EndProject
Project("{FAE04EC0-301F-11D3-BF4B-00C04F79EFBC}") = "CrestronHomeNUnit.Android", "CrestronHomeNUnit.Android\CrestronHomeNUnit.Android.csproj", "{810A4DA8-1A09-4656-B71E-40B7E8724D64}"
EndProject
Project("{FAE04EC0-301F-11D3-BF4B-00C04F79EFBC}") = "CrestronHomeNUnit.Android.Tests", "CrestronHomeNUnit.Android.Tests\CrestronHomeNUnit.Android.Tests.csproj", "{C765D786-BD5A-45F3-BAB1-713913C276EA}"
EndProject
Project("{2150E333-8FDC-42A3-9474-1A3956D46DE8}") = "NUnit 5 Snapshot", "NUnit 5 Snapshot", "{916A4220-4319-6EAD-4C71-8B52FCBDA5EC}"
EndProject
Project("{FAE04EC0-301F-11D3-BF4B-00C04F79EFBC}") = "CrestronHomeNUnit.NUnit5.SelfTests", "NUnit5\CrestronHomeNUnit.NUnit5.SelfTests\CrestronHomeNUnit.NUnit5.SelfTests.csproj", "{512E7FC4-F257-4E56-829A-69EB51B8DF93}"
EndProject
Project("{FAE04EC0-301F-11D3-BF4B-00C04F79EFBC}") = "CrestronHomeNUnit.NUnit5.CompatibilityTests", "NUnit5\CrestronHomeNUnit.NUnit5.CompatibilityTests\CrestronHomeNUnit.NUnit5.CompatibilityTests.csproj", "{2EDB9788-779F-4FEA-B0E3-0BC74181547C}"
EndProject
Project("{FAE04EC0-301F-11D3-BF4B-00C04F79EFBC}") = "CrestronHomeNUnit.NUnit5.DesktopValidation", "NUnit5\CrestronHomeNUnit.NUnit5.DesktopValidation\CrestronHomeNUnit.NUnit5.DesktopValidation.csproj", "{17FDD0B2-DF86-45C6-8464-F4B9BE4D2B78}"
EndProject
Project("{FAE04EC0-301F-11D3-BF4B-00C04F79EFBC}") = "CrestronHomeNUnit.NUnit5.ProcessorTests", "NUnit5\CrestronHomeNUnit.NUnit5.ProcessorTests\CrestronHomeNUnit.NUnit5.ProcessorTests.csproj", "{AEC6D168-59B8-45D5-B0B9-96FBBEFDA5C8}"
EndProject
Global
	GlobalSection(SolutionConfigurationPlatforms) = preSolution
		Debug|Any CPU = Debug|Any CPU
		Debug|x64 = Debug|x64
		Debug|x86 = Debug|x86
		Release|Any CPU = Release|Any CPU
		Release|x64 = Release|x64
		Release|x86 = Release|x86
	EndGlobalSection
	GlobalSection(ProjectConfigurationPlatforms) = postSolution
		{AED7EEC4-753B-4333-B330-B12EAA951277}.Debug|Any CPU.ActiveCfg = Debug|Any CPU
		{AED7EEC4-753B-4333-B330-B12EAA951277}.Debug|Any CPU.Build.0 = Debug|Any CPU
		{AED7EEC4-753B-4333-B330-B12EAA951277}.Debug|x64.ActiveCfg = Debug|Any CPU
		{AED7EEC4-753B-4333-B330-B12EAA951277}.Debug|x64.Build.0 = Debug|Any CPU
		{AED7EEC4-753B-4333-B330-B12EAA951277}.Debug|x86.ActiveCfg = Debug|Any CPU
		{AED7EEC4-753B-4333-B330-B12EAA951277}.Debug|x86.Build.0 = Debug|Any CPU
		{AED7EEC4-753B-4333-B330-B12EAA951277}.Release|Any CPU.ActiveCfg = Release|Any CPU
		{AED7EEC4-753B-4333-B330-B12EAA951277}.Release|Any CPU.Build.0 = Release|Any CPU
		{AED7EEC4-753B-4333-B330-B12EAA951277}.Release|x64.ActiveCfg = Release|Any CPU
		{AED7EEC4-753B-4333-B330-B12EAA951277}.Release|x64.Build.0 = Release|Any CPU
		{AED7EEC4-753B-4333-B330-B12EAA951277}.Release|x86.ActiveCfg = Release|Any CPU
		{AED7EEC4-753B-4333-B330-B12EAA951277}.Release|x86.Build.0 = Release|Any CPU
		{FA680BC1-81FA-4AA6-B26C-30EF124131FE}.Debug|Any CPU.ActiveCfg = Debug|Any CPU
		{FA680BC1-81FA-4AA6-B26C-30EF124131FE}.Debug|Any CPU.Build.0 = Debug|Any CPU
		{FA680BC1-81FA-4AA6-B26C-30EF124131FE}.Debug|x64.ActiveCfg = Debug|Any CPU
		{FA680BC1-81FA-4AA6-B26C-30EF124131FE}.Debug|x64.Build.0 = Debug|Any CPU
		{FA680BC1-81FA-4AA6-B26C-30EF124131FE}.Debug|x86.ActiveCfg = Debug|Any CPU
		{FA680BC1-81FA-4AA6-B26C-30EF124131FE}.Debug|x86.Build.0 = Debug|Any CPU
		{FA680BC1-81FA-4AA6-B26C-30EF124131FE}.Release|Any CPU.ActiveCfg = Release|Any CPU
		{FA680BC1-81FA-4AA6-B26C-30EF124131FE}.Release|Any CPU.Build.0 = Release|Any CPU
		{FA680BC1-81FA-4AA6-B26C-30EF124131FE}.Release|x64.ActiveCfg = Release|Any CPU
		{FA680BC1-81FA-4AA6-B26C-30EF124131FE}.Release|x64.Build.0 = Release|Any CPU
		{FA680BC1-81FA-4AA6-B26C-30EF124131FE}.Release|x86.ActiveCfg = Release|Any CPU
		{FA680BC1-81FA-4AA6-B26C-30EF124131FE}.Release|x86.Build.0 = Release|Any CPU
		{B993A77D-496F-4E1D-A341-C9ED96195BF2}.Debug|Any CPU.ActiveCfg = Debug|Any CPU
		{B993A77D-496F-4E1D-A341-C9ED96195BF2}.Debug|Any CPU.Build.0 = Debug|Any CPU
		{B993A77D-496F-4E1D-A341-C9ED96195BF2}.Debug|x64.ActiveCfg = Debug|Any CPU
		{B993A77D-496F-4E1D-A341-C9ED96195BF2}.Debug|x64.Build.0 = Debug|Any CPU
		{B993A77D-496F-4E1D-A341-C9ED96195BF2}.Debug|x86.ActiveCfg = Debug|Any CPU
		{B993A77D-496F-4E1D-A341-C9ED96195BF2}.Debug|x86.Build.0 = Debug|Any CPU
		{B993A77D-496F-4E1D-A341-C9ED96195BF2}.Release|Any CPU.ActiveCfg = Release|Any CPU
		{B993A77D-496F-4E1D-A341-C9ED96195BF2}.Release|Any CPU.Build.0 = Release|Any CPU
		{B993A77D-496F-4E1D-A341-C9ED96195BF2}.Release|x64.ActiveCfg = Release|Any CPU
		{B993A77D-496F-4E1D-A341-C9ED96195BF2}.Release|x64.Build.0 = Release|Any CPU
		{B993A77D-496F-4E1D-A341-C9ED96195BF2}.Release|x86.ActiveCfg = Release|Any CPU
		{B993A77D-496F-4E1D-A341-C9ED96195BF2}.Release|x86.Build.0 = Release|Any CPU
		{0B2692C8-2F0E-4145-B8AC-09512AB1965E}.Debug|Any CPU.ActiveCfg = Debug|Any CPU
		{0B2692C8-2F0E-4145-B8AC-09512AB1965E}.Debug|Any CPU.Build.0 = Debug|Any CPU
		{0B2692C8-2F0E-4145-B8AC-09512AB1965E}.Debug|x64.ActiveCfg = Debug|Any CPU
		{0B2692C8-2F0E-4145-B8AC-09512AB1965E}.Debug|x64.Build.0 = Debug|Any CPU
		{0B2692C8-2F0E-4145-B8AC-09512AB1965E}.Debug|x86.ActiveCfg = Debug|Any CPU
		{0B2692C8-2F0E-4145-B8AC-09512AB1965E}.Debug|x86.Build.0 = Debug|Any CPU
		{0B2692C8-2F0E-4145-B8AC-09512AB1965E}.Release|Any CPU.ActiveCfg = Release|Any CPU
		{0B2692C8-2F0E-4145-B8AC-09512AB1965E}.Release|Any CPU.Build.0 = Release|Any CPU
		{0B2692C8-2F0E-4145-B8AC-09512AB1965E}.Release|x64.ActiveCfg = Release|Any CPU
		{0B2692C8-2F0E-4145-B8AC-09512AB1965E}.Release|x64.Build.0 = Release|Any CPU
		{0B2692C8-2F0E-4145-B8AC-09512AB1965E}.Release|x86.ActiveCfg = Release|Any CPU
		{0B2692C8-2F0E-4145-B8AC-09512AB1965E}.Release|x86.Build.0 = Release|Any CPU
		{CF414792-07F6-4B0D-A61F-EAD5DBC0342F}.Debug|Any CPU.ActiveCfg = Debug|Any CPU
		{CF414792-07F6-4B0D-A61F-EAD5DBC0342F}.Debug|Any CPU.Build.0 = Debug|Any CPU
		{CF414792-07F6-4B0D-A61F-EAD5DBC0342F}.Debug|x64.ActiveCfg = Debug|Any CPU
		{CF414792-07F6-4B0D-A61F-EAD5DBC0342F}.Debug|x64.Build.0 = Debug|Any CPU
		{CF414792-07F6-4B0D-A61F-EAD5DBC0342F}.Debug|x86.ActiveCfg = Debug|Any CPU
		{CF414792-07F6-4B0D-A61F-EAD5DBC0342F}.Debug|x86.Build.0 = Debug|Any CPU
		{CF414792-07F6-4B0D-A61F-EAD5DBC0342F}.Release|Any CPU.ActiveCfg = Release|Any CPU
		{CF414792-07F6-4B0D-A61F-EAD5DBC0342F}.Release|Any CPU.Build.0 = Release|Any CPU
		{CF414792-07F6-4B0D-A61F-EAD5DBC0342F}.Release|x64.ActiveCfg = Release|Any CPU
		{CF414792-07F6-4B0D-A61F-EAD5DBC0342F}.Release|x64.Build.0 = Release|Any CPU
		{CF414792-07F6-4B0D-A61F-EAD5DBC0342F}.Release|x86.ActiveCfg = Release|Any CPU
		{CF414792-07F6-4B0D-A61F-EAD5DBC0342F}.Release|x86.Build.0 = Release|Any CPU
		{D022B35B-75EB-4EB5-9BBE-B519138E9452}.Debug|Any CPU.ActiveCfg = Debug|Any CPU
		{D022B35B-75EB-4EB5-9BBE-B519138E9452}.Debug|Any CPU.Build.0 = Debug|Any CPU
		{D022B35B-75EB-4EB5-9BBE-B519138E9452}.Debug|x64.ActiveCfg = Debug|Any CPU
		{D022B35B-75EB-4EB5-9BBE-B519138E9452}.Debug|x64.Build.0 = Debug|Any CPU
		{D022B35B-75EB-4EB5-9BBE-B519138E9452}.Debug|x86.ActiveCfg = Debug|Any CPU
		{D022B35B-75EB-4EB5-9BBE-B519138E9452}.Debug|x86.Build.0 = Debug|Any CPU
		{D022B35B-75EB-4EB5-9BBE-B519138E9452}.Release|Any CPU.ActiveCfg = Release|Any CPU
		{D022B35B-75EB-4EB5-9BBE-B519138E9452}.Release|Any CPU.Build.0 = Release|Any CPU
		{D022B35B-75EB-4EB5-9BBE-B519138E9452}.Release|x64.ActiveCfg = Release|Any CPU
		{D022B35B-75EB-4EB5-9BBE-B519138E9452}.Release|x64.Build.0 = Release|Any CPU
		{D022B35B-75EB-4EB5-9BBE-B519138E9452}.Release|x86.ActiveCfg = Release|Any CPU
		{D022B35B-75EB-4EB5-9BBE-B519138E9452}.Release|x86.Build.0 = Release|Any CPU
		{0171264D-4A5C-4FC7-B84E-C871F8511A94}.Debug|Any CPU.ActiveCfg = Debug|Any CPU
		{0171264D-4A5C-4FC7-B84E-C871F8511A94}.Debug|Any CPU.Build.0 = Debug|Any CPU
		{0171264D-4A5C-4FC7-B84E-C871F8511A94}.Debug|x64.ActiveCfg = Debug|Any CPU
		{0171264D-4A5C-4FC7-B84E-C871F8511A94}.Debug|x64.Build.0 = Debug|Any CPU
		{0171264D-4A5C-4FC7-B84E-C871F8511A94}.Debug|x86.ActiveCfg = Debug|Any CPU
		{0171264D-4A5C-4FC7-B84E-C871F8511A94}.Debug|x86.Build.0 = Debug|Any CPU
		{0171264D-4A5C-4FC7-B84E-C871F8511A94}.Release|Any CPU.ActiveCfg = Release|Any CPU
		{0171264D-4A5C-4FC7-B84E-C871F8511A94}.Release|Any CPU.Build.0 = Release|Any CPU
		{0171264D-4A5C-4FC7-B84E-C871F8511A94}.Release|x64.ActiveCfg = Release|Any CPU
		{0171264D-4A5C-4FC7-B84E-C871F8511A94}.Release|x64.Build.0 = Release|Any CPU
		{0171264D-4A5C-4FC7-B84E-C871F8511A94}.Release|x86.ActiveCfg = Release|Any CPU
		{0171264D-4A5C-4FC7-B84E-C871F8511A94}.Release|x86.Build.0 = Release|Any CPU
		{51FF336A-0C5F-4B09-B1C4-C8C67FD69CF9}.Debug|Any CPU.ActiveCfg = Debug|Any CPU
		{51FF336A-0C5F-4B09-B1C4-C8C67FD69CF9}.Debug|Any CPU.Build.0 = Debug|Any CPU
		{51FF336A-0C5F-4B09-B1C4-C8C67FD69CF9}.Debug|x64.ActiveCfg = Debug|Any CPU
		{51FF336A-0C5F-4B09-B1C4-C8C67FD69CF9}.Debug|x64.Build.0 = Debug|Any CPU
		{51FF336A-0C5F-4B09-B1C4-C8C67FD69CF9}.Debug|x86.ActiveCfg = Debug|Any CPU
		{51FF336A-0C5F-4B09-B1C4-C8C67FD69CF9}.Debug|x86.Build.0 = Debug|Any CPU
		{51FF336A-0C5F-4B09-B1C4-C8C67FD69CF9}.Release|Any CPU.ActiveCfg = Release|Any CPU
		{51FF336A-0C5F-4B09-B1C4-C8C67FD69CF9}.Release|Any CPU.Build.0 = Release|Any CPU
		{51FF336A-0C5F-4B09-B1C4-C8C67FD69CF9}.Release|x64.ActiveCfg = Release|Any CPU
		{51FF336A-0C5F-4B09-B1C4-C8C67FD69CF9}.Release|x64.Build.0 = Release|Any CPU
		{51FF336A-0C5F-4B09-B1C4-C8C67FD69CF9}.Release|x86.ActiveCfg = Release|Any CPU
		{51FF336A-0C5F-4B09-B1C4-C8C67FD69CF9}.Release|x86.Build.0 = Release|Any CPU
		{ABFEBA11-466F-4A6E-9A24-D9905E9819D5}.Debug|Any CPU.ActiveCfg = Debug|Any CPU
		{ABFEBA11-466F-4A6E-9A24-D9905E9819D5}.Debug|Any CPU.Build.0 = Debug|Any CPU
		{ABFEBA11-466F-4A6E-9A24-D9905E9819D5}.Debug|x64.ActiveCfg = Debug|Any CPU
		{ABFEBA11-466F-4A6E-9A24-D9905E9819D5}.Debug|x64.Build.0 = Debug|Any CPU
		{ABFEBA11-466F-4A6E-9A24-D9905E9819D5}.Debug|x86.ActiveCfg = Debug|Any CPU
		{ABFEBA11-466F-4A6E-9A24-D9905E9819D5}.Debug|x86.Build.0 = Debug|Any CPU
		{ABFEBA11-466F-4A6E-9A24-D9905E9819D5}.Release|Any CPU.ActiveCfg = Release|Any CPU
		{ABFEBA11-466F-4A6E-9A24-D9905E9819D5}.Release|Any CPU.Build.0 = Release|Any CPU
		{ABFEBA11-466F-4A6E-9A24-D9905E9819D5}.Release|x64.ActiveCfg = Release|Any CPU
		{ABFEBA11-466F-4A6E-9A24-D9905E9819D5}.Release|x64.Build.0 = Release|Any CPU
		{ABFEBA11-466F-4A6E-9A24-D9905E9819D5}.Release|x86.ActiveCfg = Release|Any CPU
		{ABFEBA11-466F-4A6E-9A24-D9905E9819D5}.Release|x86.Build.0 = Release|Any CPU
		{378BB20A-A1D7-473B-A2CC-E2DE8E210F89}.Debug|Any CPU.ActiveCfg = Debug|Any CPU
		{378BB20A-A1D7-473B-A2CC-E2DE8E210F89}.Debug|Any CPU.Build.0 = Debug|Any CPU
		{378BB20A-A1D7-473B-A2CC-E2DE8E210F89}.Debug|x64.ActiveCfg = Debug|Any CPU
		{378BB20A-A1D7-473B-A2CC-E2DE8E210F89}.Debug|x64.Build.0 = Debug|Any CPU
		{378BB20A-A1D7-473B-A2CC-E2DE8E210F89}.Debug|x86.ActiveCfg = Debug|Any CPU
		{378BB20A-A1D7-473B-A2CC-E2DE8E210F89}.Debug|x86.Build.0 = Debug|Any CPU
		{378BB20A-A1D7-473B-A2CC-E2DE8E210F89}.Release|Any CPU.ActiveCfg = Release|Any CPU
		{378BB20A-A1D7-473B-A2CC-E2DE8E210F89}.Release|Any CPU.Build.0 = Release|Any CPU
		{378BB20A-A1D7-473B-A2CC-E2DE8E210F89}.Release|x64.ActiveCfg = Release|Any CPU
		{378BB20A-A1D7-473B-A2CC-E2DE8E210F89}.Release|x64.Build.0 = Release|Any CPU
		{378BB20A-A1D7-473B-A2CC-E2DE8E210F89}.Release|x86.ActiveCfg = Release|Any CPU
		{378BB20A-A1D7-473B-A2CC-E2DE8E210F89}.Release|x86.Build.0 = Release|Any CPU
		{F669C9B7-50BE-40C6-99C8-E31B0B4F3277}.Debug|Any CPU.ActiveCfg = Debug|Any CPU
		{F669C9B7-50BE-40C6-99C8-E31B0B4F3277}.Debug|Any CPU.Build.0 = Debug|Any CPU
		{F669C9B7-50BE-40C6-99C8-E31B0B4F3277}.Debug|x64.ActiveCfg = Debug|Any CPU
		{F669C9B7-50BE-40C6-99C8-E31B0B4F3277}.Debug|x64.Build.0 = Debug|Any CPU
		{F669C9B7-50BE-40C6-99C8-E31B0B4F3277}.Debug|x86.ActiveCfg = Debug|Any CPU
		{F669C9B7-50BE-40C6-99C8-E31B0B4F3277}.Debug|x86.Build.0 = Debug|Any CPU
		{F669C9B7-50BE-40C6-99C8-E31B0B4F3277}.Release|Any CPU.ActiveCfg = Release|Any CPU
		{F669C9B7-50BE-40C6-99C8-E31B0B4F3277}.Release|Any CPU.Build.0 = Release|Any CPU
		{F669C9B7-50BE-40C6-99C8-E31B0B4F3277}.Release|x64.ActiveCfg = Release|Any CPU
		{F669C9B7-50BE-40C6-99C8-E31B0B4F3277}.Release|x64.Build.0 = Release|Any CPU
		{F669C9B7-50BE-40C6-99C8-E31B0B4F3277}.Release|x86.ActiveCfg = Release|Any CPU
		{F669C9B7-50BE-40C6-99C8-E31B0B4F3277}.Release|x86.Build.0 = Release|Any CPU
		{585755BD-037D-49C7-9EA3-3158BF547D41}.Debug|Any CPU.ActiveCfg = Debug|Any CPU
		{585755BD-037D-49C7-9EA3-3158BF547D41}.Debug|Any CPU.Build.0 = Debug|Any CPU
		{585755BD-037D-49C7-9EA3-3158BF547D41}.Debug|x64.ActiveCfg = Debug|Any CPU
		{585755BD-037D-49C7-9EA3-3158BF547D41}.Debug|x64.Build.0 = Debug|Any CPU
		{585755BD-037D-49C7-9EA3-3158BF547D41}.Debug|x86.ActiveCfg = Debug|Any CPU
		{585755BD-037D-49C7-9EA3-3158BF547D41}.Debug|x86.Build.0 = Debug|Any CPU
		{585755BD-037D-49C7-9EA3-3158BF547D41}.Release|Any CPU.ActiveCfg = Release|Any CPU
		{585755BD-037D-49C7-9EA3-3158BF547D41}.Release|Any CPU.Build.0 = Release|Any CPU
		{585755BD-037D-49C7-9EA3-3158BF547D41}.Release|x64.ActiveCfg = Release|Any CPU
		{585755BD-037D-49C7-9EA3-3158BF547D41}.Release|x64.Build.0 = Release|Any CPU
		{585755BD-037D-49C7-9EA3-3158BF547D41}.Release|x86.ActiveCfg = Release|Any CPU
		{585755BD-037D-49C7-9EA3-3158BF547D41}.Release|x86.Build.0 = Release|Any CPU
		{DA67801C-36D8-4062-BA6B-68C6383E24DD}.Debug|Any CPU.ActiveCfg = Debug|Any CPU
		{DA67801C-36D8-4062-BA6B-68C6383E24DD}.Debug|Any CPU.Build.0 = Debug|Any CPU
		{DA67801C-36D8-4062-BA6B-68C6383E24DD}.Debug|x64.ActiveCfg = Debug|Any CPU
		{DA67801C-36D8-4062-BA6B-68C6383E24DD}.Debug|x64.Build.0 = Debug|Any CPU
		{DA67801C-36D8-4062-BA6B-68C6383E24DD}.Debug|x86.ActiveCfg = Debug|Any CPU
		{DA67801C-36D8-4062-BA6B-68C6383E24DD}.Debug|x86.Build.0 = Debug|Any CPU
		{DA67801C-36D8-4062-BA6B-68C6383E24DD}.Release|Any CPU.ActiveCfg = Release|Any CPU
		{DA67801C-36D8-4062-BA6B-68C6383E24DD}.Release|Any CPU.Build.0 = Release|Any CPU
		{DA67801C-36D8-4062-BA6B-68C6383E24DD}.Release|x64.ActiveCfg = Release|Any CPU
		{DA67801C-36D8-4062-BA6B-68C6383E24DD}.Release|x64.Build.0 = Release|Any CPU
		{DA67801C-36D8-4062-BA6B-68C6383E24DD}.Release|x86.ActiveCfg = Release|Any CPU
		{DA67801C-36D8-4062-BA6B-68C6383E24DD}.Release|x86.Build.0 = Release|Any CPU
		{BC33CB49-C6CD-4040-8DAF-25D8295CA8D5}.Debug|Any CPU.ActiveCfg = Debug|Any CPU
		{BC33CB49-C6CD-4040-8DAF-25D8295CA8D5}.Debug|Any CPU.Build.0 = Debug|Any CPU
		{BC33CB49-C6CD-4040-8DAF-25D8295CA8D5}.Debug|x64.ActiveCfg = Debug|Any CPU
		{BC33CB49-C6CD-4040-8DAF-25D8295CA8D5}.Debug|x64.Build.0 = Debug|Any CPU
		{BC33CB49-C6CD-4040-8DAF-25D8295CA8D5}.Debug|x86.ActiveCfg = Debug|Any CPU
		{BC33CB49-C6CD-4040-8DAF-25D8295CA8D5}.Debug|x86.Build.0 = Debug|Any CPU
		{BC33CB49-C6CD-4040-8DAF-25D8295CA8D5}.Release|Any CPU.ActiveCfg = Release|Any CPU
		{BC33CB49-C6CD-4040-8DAF-25D8295CA8D5}.Release|Any CPU.Build.0 = Release|Any CPU
		{BC33CB49-C6CD-4040-8DAF-25D8295CA8D5}.Release|x64.ActiveCfg = Release|Any CPU
		{BC33CB49-C6CD-4040-8DAF-25D8295CA8D5}.Release|x64.Build.0 = Release|Any CPU
		{BC33CB49-C6CD-4040-8DAF-25D8295CA8D5}.Release|x86.ActiveCfg = Release|Any CPU
		{BC33CB49-C6CD-4040-8DAF-25D8295CA8D5}.Release|x86.Build.0 = Release|Any CPU
		{AE523839-FE8B-4B3A-9CDE-E6506E8D7ACB}.Debug|Any CPU.ActiveCfg = Debug|Any CPU
		{AE523839-FE8B-4B3A-9CDE-E6506E8D7ACB}.Debug|Any CPU.Build.0 = Debug|Any CPU
		{AE523839-FE8B-4B3A-9CDE-E6506E8D7ACB}.Debug|x64.ActiveCfg = Debug|Any CPU
		{AE523839-FE8B-4B3A-9CDE-E6506E8D7ACB}.Debug|x64.Build.0 = Debug|Any CPU
		{AE523839-FE8B-4B3A-9CDE-E6506E8D7ACB}.Debug|x86.ActiveCfg = Debug|Any CPU
		{AE523839-FE8B-4B3A-9CDE-E6506E8D7ACB}.Debug|x86.Build.0 = Debug|Any CPU
		{AE523839-FE8B-4B3A-9CDE-E6506E8D7ACB}.Release|Any CPU.ActiveCfg = Release|Any CPU
		{AE523839-FE8B-4B3A-9CDE-E6506E8D7ACB}.Release|Any CPU.Build.0 = Release|Any CPU
		{AE523839-FE8B-4B3A-9CDE-E6506E8D7ACB}.Release|x64.ActiveCfg = Release|Any CPU
		{AE523839-FE8B-4B3A-9CDE-E6506E8D7ACB}.Release|x64.Build.0 = Release|Any CPU
		{AE523839-FE8B-4B3A-9CDE-E6506E8D7ACB}.Release|x86.ActiveCfg = Release|Any CPU
		{AE523839-FE8B-4B3A-9CDE-E6506E8D7ACB}.Release|x86.Build.0 = Release|Any CPU
		{02E6DA5B-FDBA-4A4A-AB27-190976565D78}.Debug|Any CPU.ActiveCfg = Debug|Any CPU
		{02E6DA5B-FDBA-4A4A-AB27-190976565D78}.Debug|Any CPU.Build.0 = Debug|Any CPU
		{02E6DA5B-FDBA-4A4A-AB27-190976565D78}.Debug|x64.ActiveCfg = Debug|Any CPU
		{02E6DA5B-FDBA-4A4A-AB27-190976565D78}.Debug|x64.Build.0 = Debug|Any CPU
		{02E6DA5B-FDBA-4A4A-AB27-190976565D78}.Debug|x86.ActiveCfg = Debug|Any CPU
		{02E6DA5B-FDBA-4A4A-AB27-190976565D78}.Debug|x86.Build.0 = Debug|Any CPU
		{02E6DA5B-FDBA-4A4A-AB27-190976565D78}.Release|Any CPU.ActiveCfg = Release|Any CPU
		{02E6DA5B-FDBA-4A4A-AB27-190976565D78}.Release|Any CPU.Build.0 = Release|Any CPU
		{02E6DA5B-FDBA-4A4A-AB27-190976565D78}.Release|x64.ActiveCfg = Release|Any CPU
		{02E6DA5B-FDBA-4A4A-AB27-190976565D78}.Release|x64.Build.0 = Release|Any CPU
		{02E6DA5B-FDBA-4A4A-AB27-190976565D78}.Release|x86.ActiveCfg = Release|Any CPU
		{02E6DA5B-FDBA-4A4A-AB27-190976565D78}.Release|x86.Build.0 = Release|Any CPU
		{810A4DA8-1A09-4656-B71E-40B7E8724D64}.Debug|Any CPU.ActiveCfg = Debug|Any CPU
		{810A4DA8-1A09-4656-B71E-40B7E8724D64}.Debug|Any CPU.Build.0 = Debug|Any CPU
		{810A4DA8-1A09-4656-B71E-40B7E8724D64}.Debug|x64.ActiveCfg = Debug|Any CPU
		{810A4DA8-1A09-4656-B71E-40B7E8724D64}.Debug|x64.Build.0 = Debug|Any CPU
		{810A4DA8-1A09-4656-B71E-40B7E8724D64}.Debug|x86.ActiveCfg = Debug|Any CPU
		{810A4DA8-1A09-4656-B71E-40B7E8724D64}.Debug|x86.Build.0 = Debug|Any CPU
		{810A4DA8-1A09-4656-B71E-40B7E8724D64}.Release|Any CPU.ActiveCfg = Release|Any CPU
		{810A4DA8-1A09-4656-B71E-40B7E8724D64}.Release|Any CPU.Build.0 = Release|Any CPU
		{810A4DA8-1A09-4656-B71E-40B7E8724D64}.Release|x64.ActiveCfg = Release|Any CPU
		{810A4DA8-1A09-4656-B71E-40B7E8724D64}.Release|x64.Build.0 = Release|Any CPU
		{810A4DA8-1A09-4656-B71E-40B7E8724D64}.Release|x86.ActiveCfg = Release|Any CPU
		{810A4DA8-1A09-4656-B71E-40B7E8724D64}.Release|x86.Build.0 = Release|Any CPU
		{C765D786-BD5A-45F3-BAB1-713913C276EA}.Debug|Any CPU.ActiveCfg = Debug|Any CPU
		{C765D786-BD5A-45F3-BAB1-713913C276EA}.Debug|Any CPU.Build.0 = Debug|Any CPU
		{C765D786-BD5A-45F3-BAB1-713913C276EA}.Debug|x64.ActiveCfg = Debug|Any CPU
		{C765D786-BD5A-45F3-BAB1-713913C276EA}.Debug|x64.Build.0 = Debug|Any CPU
		{C765D786-BD5A-45F3-BAB1-713913C276EA}.Debug|x86.ActiveCfg = Debug|Any CPU
		{C765D786-BD5A-45F3-BAB1-713913C276EA}.Debug|x86.Build.0 = Debug|Any CPU
		{C765D786-BD5A-45F3-BAB1-713913C276EA}.Release|Any CPU.ActiveCfg = Release|Any CPU
		{C765D786-BD5A-45F3-BAB1-713913C276EA}.Release|Any CPU.Build.0 = Release|Any CPU
		{C765D786-BD5A-45F3-BAB1-713913C276EA}.Release|x64.ActiveCfg = Release|Any CPU
		{C765D786-BD5A-45F3-BAB1-713913C276EA}.Release|x64.Build.0 = Release|Any CPU
		{C765D786-BD5A-45F3-BAB1-713913C276EA}.Release|x86.ActiveCfg = Release|Any CPU
		{C765D786-BD5A-45F3-BAB1-713913C276EA}.Release|x86.Build.0 = Release|Any CPU
		{512E7FC4-F257-4E56-829A-69EB51B8DF93}.Debug|Any CPU.ActiveCfg = Debug|Any CPU
		{512E7FC4-F257-4E56-829A-69EB51B8DF93}.Debug|Any CPU.Build.0 = Debug|Any CPU
		{512E7FC4-F257-4E56-829A-69EB51B8DF93}.Debug|x64.ActiveCfg = Debug|Any CPU
		{512E7FC4-F257-4E56-829A-69EB51B8DF93}.Debug|x64.Build.0 = Debug|Any CPU
		{512E7FC4-F257-4E56-829A-69EB51B8DF93}.Debug|x86.ActiveCfg = Debug|Any CPU
		{512E7FC4-F257-4E56-829A-69EB51B8DF93}.Debug|x86.Build.0 = Debug|Any CPU
		{512E7FC4-F257-4E56-829A-69EB51B8DF93}.Release|Any CPU.ActiveCfg = Release|Any CPU
		{512E7FC4-F257-4E56-829A-69EB51B8DF93}.Release|Any CPU.Build.0 = Release|Any CPU
		{512E7FC4-F257-4E56-829A-69EB51B8DF93}.Release|x64.ActiveCfg = Release|Any CPU
		{512E7FC4-F257-4E56-829A-69EB51B8DF93}.Release|x64.Build.0 = Release|Any CPU
		{512E7FC4-F257-4E56-829A-69EB51B8DF93}.Release|x86.ActiveCfg = Release|Any CPU
		{512E7FC4-F257-4E56-829A-69EB51B8DF93}.Release|x86.Build.0 = Release|Any CPU
		{2EDB9788-779F-4FEA-B0E3-0BC74181547C}.Debug|Any CPU.ActiveCfg = Debug|Any CPU
		{2EDB9788-779F-4FEA-B0E3-0BC74181547C}.Debug|Any CPU.Build.0 = Debug|Any CPU
		{2EDB9788-779F-4FEA-B0E3-0BC74181547C}.Debug|x64.ActiveCfg = Debug|Any CPU
		{2EDB9788-779F-4FEA-B0E3-0BC74181547C}.Debug|x64.Build.0 = Debug|Any CPU
		{2EDB9788-779F-4FEA-B0E3-0BC74181547C}.Debug|x86.ActiveCfg = Debug|Any CPU
		{2EDB9788-779F-4FEA-B0E3-0BC74181547C}.Debug|x86.Build.0 = Debug|Any CPU
		{2EDB9788-779F-4FEA-B0E3-0BC74181547C}.Release|Any CPU.ActiveCfg = Release|Any CPU
		{2EDB9788-779F-4FEA-B0E3-0BC74181547C}.Release|Any CPU.Build.0 = Release|Any CPU
		{2EDB9788-779F-4FEA-B0E3-0BC74181547C}.Release|x64.ActiveCfg = Release|Any CPU
		{2EDB9788-779F-4FEA-B0E3-0BC74181547C}.Release|x64.Build.0 = Release|Any CPU
		{2EDB9788-779F-4FEA-B0E3-0BC74181547C}.Release|x86.ActiveCfg = Release|Any CPU
		{2EDB9788-779F-4FEA-B0E3-0BC74181547C}.Release|x86.Build.0 = Release|Any CPU
		{17FDD0B2-DF86-45C6-8464-F4B9BE4D2B78}.Debug|Any CPU.ActiveCfg = Debug|Any CPU
		{17FDD0B2-DF86-45C6-8464-F4B9BE4D2B78}.Debug|Any CPU.Build.0 = Debug|Any CPU
		{17FDD0B2-DF86-45C6-8464-F4B9BE4D2B78}.Debug|x64.ActiveCfg = Debug|Any CPU
		{17FDD0B2-DF86-45C6-8464-F4B9BE4D2B78}.Debug|x64.Build.0 = Debug|Any CPU
		{17FDD0B2-DF86-45C6-8464-F4B9BE4D2B78}.Debug|x86.ActiveCfg = Debug|Any CPU
		{17FDD0B2-DF86-45C6-8464-F4B9BE4D2B78}.Debug|x86.Build.0 = Debug|Any CPU
		{17FDD0B2-DF86-45C6-8464-F4B9BE4D2B78}.Release|Any CPU.ActiveCfg = Release|Any CPU
		{17FDD0B2-DF86-45C6-8464-F4B9BE4D2B78}.Release|Any CPU.Build.0 = Release|Any CPU
		{17FDD0B2-DF86-45C6-8464-F4B9BE4D2B78}.Release|x64.ActiveCfg = Release|Any CPU
		{17FDD0B2-DF86-45C6-8464-F4B9BE4D2B78}.Release|x64.Build.0 = Release|Any CPU
		{17FDD0B2-DF86-45C6-8464-F4B9BE4D2B78}.Release|x86.ActiveCfg = Release|Any CPU
		{17FDD0B2-DF86-45C6-8464-F4B9BE4D2B78}.Release|x86.Build.0 = Release|Any CPU
		{AEC6D168-59B8-45D5-B0B9-96FBBEFDA5C8}.Debug|Any CPU.ActiveCfg = Debug|Any CPU
		{AEC6D168-59B8-45D5-B0B9-96FBBEFDA5C8}.Debug|Any CPU.Build.0 = Debug|Any CPU
		{AEC6D168-59B8-45D5-B0B9-96FBBEFDA5C8}.Debug|x64.ActiveCfg = Debug|Any CPU
		{AEC6D168-59B8-45D5-B0B9-96FBBEFDA5C8}.Debug|x64.Build.0 = Debug|Any CPU
		{AEC6D168-59B8-45D5-B0B9-96FBBEFDA5C8}.Debug|x86.ActiveCfg = Debug|Any CPU
		{AEC6D168-59B8-45D5-B0B9-96FBBEFDA5C8}.Debug|x86.Build.0 = Debug|Any CPU
		{AEC6D168-59B8-45D5-B0B9-96FBBEFDA5C8}.Release|Any CPU.ActiveCfg = Release|Any CPU
		{AEC6D168-59B8-45D5-B0B9-96FBBEFDA5C8}.Release|Any CPU.Build.0 = Release|Any CPU
		{AEC6D168-59B8-45D5-B0B9-96FBBEFDA5C8}.Release|x64.ActiveCfg = Release|Any CPU
		{AEC6D168-59B8-45D5-B0B9-96FBBEFDA5C8}.Release|x64.Build.0 = Release|Any CPU
		{AEC6D168-59B8-45D5-B0B9-96FBBEFDA5C8}.Release|x86.ActiveCfg = Release|Any CPU
		{AEC6D168-59B8-45D5-B0B9-96FBBEFDA5C8}.Release|x86.Build.0 = Release|Any CPU
	EndGlobalSection
	GlobalSection(SolutionProperties) = preSolution
		HideSolutionNode = FALSE
	EndGlobalSection
	GlobalSection(NestedProjects) = preSolution
		{512E7FC4-F257-4E56-829A-69EB51B8DF93} = {916A4220-4319-6EAD-4C71-8B52FCBDA5EC}
		{2EDB9788-779F-4FEA-B0E3-0BC74181547C} = {916A4220-4319-6EAD-4C71-8B52FCBDA5EC}
		{17FDD0B2-DF86-45C6-8464-F4B9BE4D2B78} = {916A4220-4319-6EAD-4C71-8B52FCBDA5EC}
		{AEC6D168-59B8-45D5-B0B9-96FBBEFDA5C8} = {916A4220-4319-6EAD-4C71-8B52FCBDA5EC}
	EndGlobalSection
EndGlobal
